
Microsoft Visual Studio Solution File, Format Version 12.00
# Visual Studio 15
VisualStudioVersion = 15.0.28307.489
MinimumVisualStudioVersion = 10.0.40219.1
Project("{FAE04EC0-301F-11D3-BF4B-00C04F79EFBC}") = "ITServiceProvider", "ITServiceProvider\ITServiceProvider.csproj", "{6F3F1FE2-6BA4-447F-B927-A79D748D062B}"
EndProject
Global
	GlobalSection(SolutionConfigurationPlatforms) = preSolution
		Debug|Any CPU = Debug|Any CPU
		Release|Any CPU = Release|Any CPU
	EndGlobalSection
	GlobalSection(ProjectConfigurationPlatforms) = postSolution
		{6F3F1FE2-6BA4-447F-B927-A79D748D062B}.Debug|Any CPU.ActiveCfg = Debug|Any CPU
		{6F3F1FE2-6BA4-447F-B927-A79D748D062B}.Debug|Any CPU.Build.0 = Debug|Any CPU
		{6F3F1FE2-6BA4-447F-B927-A79D748D062B}.Release|Any CPU.ActiveCfg = Release|Any CPU
		{6F3F1FE2-6BA4-447F-B927-A79D748D062B}.Release|Any CPU.Build.0 = Release|Any CPU
	EndGlobalSection
	GlobalSection(SolutionProperties) = preSolution
		HideSolutionNode = FALSE
	EndGlobalSection
	GlobalSection(ExtensibilityGlobals) = postSolution
		SolutionGuid = {79917768-4713-4C15-99BE-4BBD77FF65B6}
	EndGlobalSection
EndGlobal
